
Microsoft Visual Studio Solution File, Format Version 12.00
# Visual Studio Version 17
VisualStudioVersion = 17.9.34622.214
MinimumVisualStudioVersion = 10.0.40219.1
Project("{FAE04EC0-301F-11D3-BF4B-00C04F79EFBC}") = "EShopApplication.Web", "EShopApplication.Web\EShopApplication.Web.csproj", "{4CC744F7-C236-48C1-9838-BB71F43E214D}"
EndProject
Project("{FAE04EC0-301F-11D3-BF4B-00C04F79EFBC}") = "EShopApplication.Domain", "EShopApplication.Domain\EShopApplication.Domain.csproj", "{CAD2CFBF-5B5F-47F0-AA6C-405061E0E2F1}"
EndProject
Project("{FAE04EC0-301F-11D3-BF4B-00C04F79EFBC}") = "EShopApplicatin.Service", "EShopApplicatin.Service\EShopApplicatin.Service.csproj", "{BF7B5117-23BF-4EAD-8B6A-FDA9B265BB70}"
EndProject
Project("{FAE04EC0-301F-11D3-BF4B-00C04F79EFBC}") = "EShopApplication.Repository", "EShopApplication.Repository\EShopApplication.Repository.csproj", "{74F25E00-1B40-4526-B13C-55A498CD9CB0}"
EndProject
Global
	GlobalSection(SolutionConfigurationPlatforms) = preSolution
		Debug|Any CPU = Debug|Any CPU
		Release|Any CPU = Release|Any CPU
	EndGlobalSection
	GlobalSection(ProjectConfigurationPlatforms) = postSolution
		{4CC744F7-C236-48C1-9838-BB71F43E214D}.Debug|Any CPU.ActiveCfg = Debug|Any CPU
		{4CC744F7-C236-48C1-9838-BB71F43E214D}.Debug|Any CPU.Build.0 = Debug|Any CPU
		{4CC744F7-C236-48C1-9838-BB71F43E214D}.Release|Any CPU.ActiveCfg = Release|Any CPU
		{4CC744F7-C236-48C1-9838-BB71F43E214D}.Release|Any CPU.Build.0 = Release|Any CPU
		{CAD2CFBF-5B5F-47F0-AA6C-405061E0E2F1}.Debug|Any CPU.ActiveCfg = Debug|Any CPU
		{CAD2CFBF-5B5F-47F0-AA6C-405061E0E2F1}.Debug|Any CPU.Build.0 = Debug|Any CPU
		{CAD2CFBF-5B5F-47F0-AA6C-405061E0E2F1}.Release|Any CPU.ActiveCfg = Release|Any CPU
		{CAD2CFBF-5B5F-47F0-AA6C-405061E0E2F1}.Release|Any CPU.Build.0 = Release|Any CPU
		{BF7B5117-23BF-4EAD-8B6A-FDA9B265BB70}.Debug|Any CPU.ActiveCfg = Debug|Any CPU
		{BF7B5117-23BF-4EAD-8B6A-FDA9B265BB70}.Debug|Any CPU.Build.0 = Debug|Any CPU
		{BF7B5117-23BF-4EAD-8B6A-FDA9B265BB70}.Release|Any CPU.ActiveCfg = Release|Any CPU
		{BF7B5117-23BF-4EAD-8B6A-FDA9B265BB70}.Release|Any CPU.Build.0 = Release|Any CPU
		{74F25E00-1B40-4526-B13C-55A498CD9CB0}.Debug|Any CPU.ActiveCfg = Debug|Any CPU
		{74F25E00-1B40-4526-B13C-55A498CD9CB0}.Debug|Any CPU.Build.0 = Debug|Any CPU
		{74F25E00-1B40-4526-B13C-55A498CD9CB0}.Release|Any CPU.ActiveCfg = Release|Any CPU
		{74F25E00-1B40-4526-B13C-55A498CD9CB0}.Release|Any CPU.Build.0 = Release|Any CPU
	EndGlobalSection
	GlobalSection(SolutionProperties) = preSolution
		HideSolutionNode = FALSE
	EndGlobalSection
	GlobalSection(ExtensibilityGlobals) = postSolution
		SolutionGuid = {9579DA55-0E0E-41C3-8070-7944F2107B18}
	EndGlobalSection
EndGlobal
